<?xml version="1.0" encoding="utf-8"?>
<Project ToolsVersion="4.0" xmlns="http://schemas.microsoft.com/developer/msbuild/2003">
  <ItemGroup>
    <ClInclude Include="Engine\Collision.h" />
    <ClInclude Include="Engine\Game.h" />
    <ClInclude Include="Engine\Input.h" />
    <ClInclude Include="Engine\Matrix.h" />
    <ClInclude Include="Engine\Rendering.h" />
    <ClInclude Include="Engine\Time.h" />
    <ClInclude Include="Engine\Vector.h" />
    <ClInclude Include="Manager\Game.h" />
    <ClInclude Include="stdafx.h" />
    <ClInclude Include="Manager\Scene.h" />
    <ClInclude Include="Scene\TitleScene.h" />
    <ClInclude Include="Component\Note.h" />
    <ClInclude Include="Manager\ConstValue.h" />
    <ClInclude Include="Scene\PlayScene.h" />
    <ClInclude Include="Component\Chart.h" />
    <ClInclude Include="Scene\OptionScene.h" />
    <ClInclude Include="Scene\SelectSongScene.h" />
    <ClInclude Include="Component\Score.h" />
    <ClInclude Include="Component\Song.h" />
    <ClInclude Include="Engine\Sound.h" />
    <ClInclude Include="Scene\ResultScene.h" />
    <ClInclude Include="Component\Combo.h" />
    <ClInclude Include="Component\HitEffect.h" />
    <ClInclude Include="Component\JudgePhrase.h" />
    <ClInclude Include="Manager\Resource.h" />
    <ClInclude Include="Manager\SoundManager.h" />
    <ClInclude Include="Manager\Result.h" />
  </ItemGroup>
  <ItemGroup>
    <ClCompile Include="Manager\Game.cpp" />
    <ClCompile Include="stdafx.cpp" />
    <ClCompile Include="Scene\TitleScene.cpp" />
    <ClCompile Include="Scene\PlayScene.cpp" />
    <ClCompile Include="Component\Chart.cpp" />
    <ClCompile Include="Scene\OptionScene.cpp" />
    <ClCompile Include="Manager\ConstValue.cpp" />
    <ClCompile Include="Scene\SelectSongScene.cpp" />
    <ClCompile Include="Component\Score.cpp" />
    <ClCompile Include="Component\Note.cpp" />
    <ClCompile Include="Component\Song.cpp" />
    <ClCompile Include="Scene\ResultScene.cpp" />
    <ClCompile Include="Component\Combo.cpp" />
    <ClCompile Include="Component\HitEffect.cpp" />
    <ClCompile Include="Component\JudgePhrase.cpp" />
    <ClCompile Include="Manager\Resource.cpp" />
    <ClCompile Include="Manager\SoundManager.cpp" />
    <ClCompile Include="Manager\Result.cpp" />
  </ItemGroup>
  <ItemGroup>
    <Font Include="Font\CookieRun Black.ttf" />
    <Font Include="Font\CookieRun Bold.ttf" />
    <Font Include="Font\CookieRun Regular.ttf" />
  </ItemGroup>
  <ItemGroup>
    <Image Include="Image\TitleScene.png" />
    <Image Include="Animation\SelectMode[23].png" />
    <Image Include="Image\PlayBG.png" />
    <Image Include="Image\Note.png" />
    <Image Include="Image\Lane.png" />
    <Image Include="Image\Perfect.png" />
    <Image Include="Image\Miss.png" />
    <Image Include="Image\Good.png" />
    <Image Include="Animation\HitEffect[12].png" />
    <Image Include="Image\KeysBox.png" />
    <Image Include="Image\NoteBlue.png" />
    <Image Include="Image\NoteWhite.png" />
  </ItemGroup>
  <ItemGroup>
    <Text Include="Datas\Sample.txt" />
  </ItemGroup>
</Project>